<?xml version="1.0" encoding="utf-8"?>
<Project ToolsVersion="4.0" xmlns="http://schemas.microsoft.com/developer/msbuild/2003">
  <ItemGroup>
    <Filter Include="Исходные файлы">
      <UniqueIdentifier>{4FC737F1-C7A5-4376-A066-2A32D752A2FF}</UniqueIdentifier>
      <Extensions>cpp;c;cc;cxx;c++;def;odl;idl;hpj;bat;asm;asmx</Extensions>
    </Filter>
    <Filter Include="Файлы заголовков">
      <UniqueIdentifier>{93995380-89BD-4b04-88EB-625FBE52EBFB}</UniqueIdentifier>
      <Extensions>h;hh;hpp;hxx;h++;hm;inl;inc;ipp;xsd</Extensions>
    </Filter>
    <Filter Include="Файлы ресурсов">
      <UniqueIdentifier>{67DA6AB6-F800-4c08-8B7A-83BB121AAD01}</UniqueIdentifier>
      <Extensions>rc;ico;cur;bmp;dlg;rc2;rct;bin;rgs;gif;jpg;jpeg;jpe;resx;tiff;tif;png;wav;mfcribbon-ms</Extensions>
    </Filter>
    <Filter Include="Исходные файлы\ImGui">
      <UniqueIdentifier>{04cec135-ceb1-4ee7-ab13-176a2cbb9f95}</UniqueIdentifier>
    </Filter>
    <Filter Include="Исходные файлы\States">
      <UniqueIdentifier>{dfc9f2d1-2582-4aa6-acd6-aaeaca1ebb20}</UniqueIdentifier>
    </Filter>
    <Filter Include="Файлы заголовков\States">
      <UniqueIdentifier>{65a8f3d2-a13e-4690-ae57-0de3c07c038e}</UniqueIdentifier>
    </Filter>
    <Filter Include="Исходные файлы\Scenes">
      <UniqueIdentifier>{f7522757-49bb-4e2e-9975-7df8b1f071bb}</UniqueIdentifier>
    </Filter>
    <Filter Include="Файлы заголовков\Scenes">
      <UniqueIdentifier>{a67b43f8-3c7e-429b-9601-8fed9b924521}</UniqueIdentifier>
    </Filter>
    <Filter Include="Исходные файлы\Entities">
      <UniqueIdentifier>{b8177177-d5ff-4f1e-8f61-e8e9bcf04409}</UniqueIdentifier>
    </Filter>
    <Filter Include="Файлы заголовков\Entities">
      <UniqueIdentifier>{7adbb22d-7d4f-4252-a711-ef99fa345111}</UniqueIdentifier>
    </Filter>
  </ItemGroup>
  <ItemGroup>
    <ClCompile Include="TestSfml.cpp">
      <Filter>Исходные файлы</Filter>
    </ClCompile>
    <ClCompile Include="..\..\..\imgui-master\imgui.cpp">
      <Filter>Исходные файлы\ImGui</Filter>
    </ClCompile>
    <ClCompile Include="..\..\..\imgui-master\imgui_draw.cpp">
      <Filter>Исходные файлы\ImGui</Filter>
    </ClCompile>
    <ClCompile Include="..\..\..\imgui-master\imgui_widgets.cpp">
      <Filter>Исходные файлы\ImGui</Filter>
    </ClCompile>
    <ClCompile Include="..\..\..\imgui-sfml-master\imgui-SFML.cpp">
      <Filter>Исходные файлы\ImGui</Filter>
    </ClCompile>
    <ClCompile Include="..\..\..\imgui-master\imgui_demo.cpp">
      <Filter>Исходные файлы\ImGui</Filter>
    </ClCompile>
    <ClCompile Include="Entity.cpp">
      <Filter>Исходные файлы</Filter>
    </ClCompile>
    <ClCompile Include="SceneNode.cpp">
      <Filter>Исходные файлы</Filter>
    </ClCompile>
    <ClCompile Include="World.cpp">
      <Filter>Исходные файлы</Filter>
    </ClCompile>
    <ClCompile Include="Command.cpp">
      <Filter>Исходные файлы</Filter>
    </ClCompile>
    <ClCompile Include="CommandQueue.cpp">
      <Filter>Исходные файлы</Filter>
    </ClCompile>
    <ClCompile Include="Player.cpp">
      <Filter>Исходные файлы</Filter>
    </ClCompile>
    <ClCompile Include="StateStack.cpp">
      <Filter>Исходные файлы</Filter>
    </ClCompile>
    <ClCompile Include="State.cpp">
      <Filter>Исходные файлы</Filter>
    </ClCompile>
    <ClCompile Include="Application.cpp">
      <Filter>Исходные файлы</Filter>
    </ClCompile>
    <ClCompile Include="Aircraft.cpp">
      <Filter>Исходные файлы\Entities</Filter>
    </ClCompile>
    <ClCompile Include="TitleState.cpp">
      <Filter>Исходные файлы\States</Filter>
    </ClCompile>
    <ClCompile Include="SpriteNode.cpp">
      <Filter>Исходные файлы\Scenes</Filter>
    </ClCompile>
    <ClCompile Include="MenuState.cpp">
      <Filter>Исходные файлы\States</Filter>
    </ClCompile>
    <ClCompile Include="GameState.cpp">
      <Filter>Исходные файлы\States</Filter>
    </ClCompile>
    <ClCompile Include="PauseState.cpp">
      <Filter>Исходные файлы</Filter>
    </ClCompile>
    <ClCompile Include="SettingsState.cpp">
      <Filter>Исходные файлы</Filter>
    </ClCompile>
  </ItemGroup>
  <ItemGroup>
    <ClInclude Include="ResourceHolder.h">
      <Filter>Файлы заголовков</Filter>
    </ClInclude>
    <ClInclude Include="Entity.h">
      <Filter>Файлы заголовков</Filter>
    </ClInclude>
    <ClInclude Include="SceneNode.h">
      <Filter>Файлы заголовков</Filter>
    </ClInclude>
    <ClInclude Include="World.h">
      <Filter>Файлы заголовков</Filter>
    </ClInclude>
    <ClInclude Include="Command.h">
      <Filter>Файлы заголовков</Filter>
    </ClInclude>
    <ClInclude Include="CommandQueue.h">
      <Filter>Файлы заголовков</Filter>
    </ClInclude>
    <ClInclude Include="Player.h">
      <Filter>Файлы заголовков</Filter>
    </ClInclude>
    <ClInclude Include="StateStack.h">
      <Filter>Файлы заголовков</Filter>
    </ClInclude>
    <ClInclude Include="State.h">
      <Filter>Файлы заголовков</Filter>
    </ClInclude>
    <ClInclude Include="StateDefinitions.h">
      <Filter>Файлы заголовков</Filter>
    </ClInclude>
    <ClInclude Include="Application.h">
      <Filter>Файлы заголовков</Filter>
    </ClInclude>
    <ClInclude Include="Aircraft.h">
      <Filter>Файлы заголовков\Entities</Filter>
    </ClInclude>
    <ClInclude Include="TitleState.h">
      <Filter>Файлы заголовков\States</Filter>
    </ClInclude>
    <ClInclude Include="SpriteNode.h">
      <Filter>Файлы заголовков\Scenes</Filter>
    </ClInclude>
    <ClInclude Include="MenuState.h">
      <Filter>Файлы заголовков\States</Filter>
    </ClInclude>
    <ClInclude Include="GameState.h">
      <Filter>Файлы заголовков\States</Filter>
    </ClInclude>
    <ClInclude Include="PauseState.h">
      <Filter>Файлы заголовков</Filter>
    </ClInclude>
    <ClInclude Include="SettingsState.h">
      <Filter>Файлы заголовков</Filter>
    </ClInclude>
  </ItemGroup>
</Project>